{
  "version": "5",
  "specifiers": {
    "jsr:@eemeli/yaml@^2.8.0": "2.8.0",
    "jsr:@std/assert@^1.0.13": "1.0.13",
    "jsr:@std/internal@^1.0.6": "1.0.8",
    "jsr:@std/regexp@^1.0.1": "1.0.1",
    "npm:@types/node@*": "22.12.0",
    "npm:typescript-rtti@~0.9.6": "0.9.6_reflect-metadata@0.1.14_typescript@5.1.6"
  },
  "jsr": {
    "@eemeli/yaml@2.8.0": {
      "integrity": "ebc4e9fd36298bebdfa0d04176b17a6a7bfde3f9a1046e53f4bd2d9440cc586c"
    },
    "@std/assert@1.0.13": {
      "integrity": "ae0d31e41919b12c656c742b22522c32fb26ed0cba32975cb0de2a273cb68b29",
      "dependencies": [
        "jsr:@std/internal"
      ]
    },
    "@std/internal@1.0.8": {
      "integrity": "fc66e846d8d38a47cffd274d80d2ca3f0de71040f855783724bb6b87f60891f5"
    },
    "@std/regexp@1.0.1": {
      "integrity": "5179d823465085c5480dafb44438466e83c424fadc61ba31f744050ecc0f596d"
    }
  },
  "npm": {
    "@types/node@22.12.0": {
      "integrity": "sha512-Fll2FZ1riMjNmlmJOdAyY5pUbkftXslB5DgEzlIuNaiWhXd00FhWxVC/r4yV/4wBb9JfImTu+jiSvXTkJ7F/gA==",
      "dependencies": [
        "undici-types"
      ]
    },
    "reflect-metadata@0.1.14": {
      "integrity": "sha512-ZhYeb6nRaXCfhnndflDK8qI6ZQ/YcWZCISRAWICW9XYqMUwjZM9Z0DveWX/ABN01oxSHwVxKQmxeYZSsm0jh5A=="
    },
    "typescript-rtti@0.9.6_reflect-metadata@0.1.14_typescript@5.1.6": {
      "integrity": "sha512-tDv7FfdiMqlOIhkbOiVBDvu+ufF49GLoccaDFXFELko79w2CwJMVUEiZxPpHNG0q/9s+CCbFv/4Pf2uPl2+5CQ==",
      "dependencies": [
        "reflect-metadata",
        "typescript"
      ]
    },
    "typescript@5.1.6": {
      "integrity": "sha512-zaWCozRZ6DLEWAWFrVDz1H6FVXzUSfTy5FUMWsQlU8Ym5JP9eO4xkTIROFCQvhQf61z6O/G6ugw3SgAnvvm+HA==",
      "bin": true
    },
    "undici-types@6.20.0": {
      "integrity": "sha512-Ny6QZ2Nju20vw1SRHe3d9jVu6gJ+4e3+MMpqu7pqE5HT6WsTSlce++GQmK5UXS8mzV8DSYHrQH+Xrf2jVcuKNg=="
    }
  },
  "workspace": {
    "dependencies": [
      "jsr:@std/assert@^1.0.13"
    ],
    "members": {
      "packages/core": {
        "dependencies": [
          "jsr:@eemeli/yaml@^2.8.0",
          "jsr:@std/regexp@^1.0.1",
          "npm:typescript-rtti@~0.9.6"
        ]
      },
      "packages/webapp-v1alpha1": {
        "dependencies": [
          "jsr:@gin/core@0.1"
        ]
      }
    }
  }
}
